
Microsoft Visual Studio Solution File, Format Version 12.00
# Visual Studio 15
VisualStudioVersion = 15.0.27130.2020
MinimumVisualStudioVersion = 10.0.40219.1
Project("{FAE04EC0-301F-11D3-BF4B-00C04F79EFBC}") = "PlaylistManager.Web", "PlaylistManager.Web\PlaylistManager.Web.csproj", "{30657B0D-0FF2-45F6-9CB1-E56C43CCB95E}"
EndProject
Project("{FAE04EC0-301F-11D3-BF4B-00C04F79EFBC}") = "PlaylistManager.Models", "PlaylistManager.Models\PlaylistManager.Models.csproj", "{121A8E74-05B3-453D-B287-EE792A863BDA}"
EndProject
Project("{FAE04EC0-301F-11D3-BF4B-00C04F79EFBC}") = "PlaylistManager.DataAccess", "PlaylistManager.DataAccess\PlaylistManager.DataAccess.csproj", "{698D73FE-DD1B-4D89-BD3D-C7E4F1A6A47D}"
EndProject
Project("{FAE04EC0-301F-11D3-BF4B-00C04F79EFBC}") = "PlaylistManager.Services", "PlaylistManager.Services\PlaylistManager.Services.csproj", "{D1C528D1-E62E-4FED-908B-14D5B50E1887}"
EndProject
Global
	GlobalSection(SolutionConfigurationPlatforms) = preSolution
		Debug|Any CPU = Debug|Any CPU
		Release|Any CPU = Release|Any CPU
	EndGlobalSection
	GlobalSection(ProjectConfigurationPlatforms) = postSolution
		{30657B0D-0FF2-45F6-9CB1-E56C43CCB95E}.Debug|Any CPU.ActiveCfg = Debug|Any CPU
		{30657B0D-0FF2-45F6-9CB1-E56C43CCB95E}.Debug|Any CPU.Build.0 = Debug|Any CPU
		{30657B0D-0FF2-45F6-9CB1-E56C43CCB95E}.Release|Any CPU.ActiveCfg = Release|Any CPU
		{30657B0D-0FF2-45F6-9CB1-E56C43CCB95E}.Release|Any CPU.Build.0 = Release|Any CPU
		{121A8E74-05B3-453D-B287-EE792A863BDA}.Debug|Any CPU.ActiveCfg = Debug|Any CPU
		{121A8E74-05B3-453D-B287-EE792A863BDA}.Debug|Any CPU.Build.0 = Debug|Any CPU
		{121A8E74-05B3-453D-B287-EE792A863BDA}.Release|Any CPU.ActiveCfg = Release|Any CPU
		{121A8E74-05B3-453D-B287-EE792A863BDA}.Release|Any CPU.Build.0 = Release|Any CPU
		{698D73FE-DD1B-4D89-BD3D-C7E4F1A6A47D}.Debug|Any CPU.ActiveCfg = Debug|Any CPU
		{698D73FE-DD1B-4D89-BD3D-C7E4F1A6A47D}.Debug|Any CPU.Build.0 = Debug|Any CPU
		{698D73FE-DD1B-4D89-BD3D-C7E4F1A6A47D}.Release|Any CPU.ActiveCfg = Release|Any CPU
		{698D73FE-DD1B-4D89-BD3D-C7E4F1A6A47D}.Release|Any CPU.Build.0 = Release|Any CPU
		{D1C528D1-E62E-4FED-908B-14D5B50E1887}.Debug|Any CPU.ActiveCfg = Debug|Any CPU
		{D1C528D1-E62E-4FED-908B-14D5B50E1887}.Debug|Any CPU.Build.0 = Debug|Any CPU
		{D1C528D1-E62E-4FED-908B-14D5B50E1887}.Release|Any CPU.ActiveCfg = Release|Any CPU
		{D1C528D1-E62E-4FED-908B-14D5B50E1887}.Release|Any CPU.Build.0 = Release|Any CPU
	EndGlobalSection
	GlobalSection(SolutionProperties) = preSolution
		HideSolutionNode = FALSE
	EndGlobalSection
	GlobalSection(ExtensibilityGlobals) = postSolution
		SolutionGuid = {0C7905C4-8A2C-487B-8320-DAB14176A600}
	EndGlobalSection
EndGlobal
